{
  "compiler": {
    "requirement": null,
    "sha256": "a2be0ceb4fb4931b513aa1d51dc2421b3272fb99e59d0ba91a01f539d5f398b3"
  },
  "dependencies": [],
  "manifestHash": "0c6f226f0e13d8e60d39393f1dc25538ac2aa68a54d0698bf45a63d4f3b2e26e",
  "nativeArtifacts": [],
  "package": "snapshot@1.0.0",
  "schemaVersion": 1,
  "scripts": [],
  "target": "windows-x64",
  "targetConfiguration": null
}
