{
  "compiler": {
    "requirement": null,
    "sha256": "8c38097dbc5897c660ac02d61a259f1f513b2c5fd89b6bf534122de2529fa903"
  },
  "dependencies": [],
  "manifestHash": "e75272452da9f20b3d69eda2ad44cd4830a55ad99a67b5361390d357b61fa216",
  "nativeArtifacts": [],
  "package": "snapshot@0.1.0",
  "schemaVersion": 1,
  "scripts": [],
  "target": "windows-x64",
  "targetConfiguration": null
}
